
Microsoft Visual Studio Solution File, Format Version 12.00
# Visual Studio 15
Project("{FAE04EC0-301F-11D3-BF4B-00C04F79EFBC}") = "AIPlanner", "AIPlanner\AIPlanner.csproj", "{73F5D0AE-CDA4-4ECD-9C92-664693FC724D}"
EndProject
Project("{FAE04EC0-301F-11D3-BF4B-00C04F79EFBC}") = "AIPlanner.Tests", "AIPlanner.Tests\AIPlanner.Tests.csproj", "{987D0079-4840-4684-B1E9-8A7293DC827B}"
EndProject
Global
	GlobalSection(SolutionConfigurationPlatforms) = preSolution
		Debug|Any CPU = Debug|Any CPU
		Release|Any CPU = Release|Any CPU
	EndGlobalSection
	GlobalSection(ProjectConfigurationPlatforms) = postSolution
		{73F5D0AE-CDA4-4ECD-9C92-664693FC724D}.Debug|Any CPU.ActiveCfg = Debug|Any CPU
		{73F5D0AE-CDA4-4ECD-9C92-664693FC724D}.Debug|Any CPU.Build.0 = Debug|Any CPU
		{73F5D0AE-CDA4-4ECD-9C92-664693FC724D}.Release|Any CPU.ActiveCfg = Release|Any CPU
		{73F5D0AE-CDA4-4ECD-9C92-664693FC724D}.Release|Any CPU.Build.0 = Release|Any CPU
		{987D0079-4840-4684-B1E9-8A7293DC827B}.Debug|Any CPU.ActiveCfg = Debug|Any CPU
		{987D0079-4840-4684-B1E9-8A7293DC827B}.Debug|Any CPU.Build.0 = Debug|Any CPU
		{987D0079-4840-4684-B1E9-8A7293DC827B}.Release|Any CPU.ActiveCfg = Release|Any CPU
		{987D0079-4840-4684-B1E9-8A7293DC827B}.Release|Any CPU.Build.0 = Release|Any CPU
	EndGlobalSection
EndGlobal
